{
  "originHash" : "f543525a5116efeb9fb143813c2230905706088d6a9d0f4930c3dd02edf52b49",
  "pins" : [
    {
      "identity" : "onesignal-xcframework",
      "kind" : "remoteSourceControl",
      "location" : "https://github.com/OneSignal/OneSignal-XCFramework",
      "state" : {
        "revision" : "af871d3492e3dd233eb456b550aa53ce33d26c2d",
        "version" : "5.5.3"
      }
    }
  ],
  "version" : 3
}
